# This file is autogenerated, do not edit; changes may be undone by the next 'dep ensure'.


[[projects]]
  digest = "1:9afc639ef88d907f2e87ab68cbc63117b88d0d84238fd6b08224515d00a8136a"
  name = "github.com/alecthomas/gometalinter"
  packages = ["."]
  pruneopts = "UT"
  revision = "df395bfa67c5d0630d936c0044cf07ff05086655"
  version = "v3.0.0"

[[projects]]
  branch = "master"
  digest = "1:d3197d14cccd4a5d4e5a04661b8a0972d13eb7165472e8051ede8cbb1d1876a2"
  name = "github.com/alecthomas/units"
  packages = ["."]
  pruneopts = "UT"
  revision = "ff826a37aa15cdf16e29024a782c790f19aab6c2"

[[projects]]
  digest = "1:3f3620f51ffff4e4da9af162bb7a597880ae49b6c6e92caf78b85a186da17efb"
  name = "github.com/caarlos0/env"
  packages = ["."]
  pruneopts = "UT"
  revision = "e244b8ab4ce741f29f37ac56f4ddd67acce3fb73"
  version = "v6.5.0"

[[projects]]
  digest = "1:e47d51dab652d26c3fba6f8cba403f922d02757a82abdc77e90df7948daf296e"
  name = "github.com/deckarep/golang-set"
  packages = ["."]
  pruneopts = "UT"
  revision = "cbaa98ba5575e67703b32b4b19f73c91f3c4159e"
  version = "v1.7.1"

[[projects]]
  digest = "1:85138d5daba3306acc15e3b1c9226a2866e068c4822bbf0875d5143db225face"
  name = "github.com/go-log/log"
  packages = [
    ".",
    "print",
  ]
  pruneopts = "UT"
  revision = "cbf5cacfbfff319fd20a42367df566e0ace3d4ee"
  version = "v0.2.0"

[[projects]]
  branch = "master"
  digest = "1:ae4407ca7731ceb7b54b059fced30f335d32486a2148e262b19067261f959b42"
  name = "github.com/google/shlex"
  packages = ["."]
  pruneopts = "UT"
  revision = "e7afc7fbc51079733e9468cdfd1efcd7d196cd1d"

[[projects]]
  digest = "1:7157fd3f337f20f9058789e47f3341ae5cb77081fa01c1d678af5a03afea6f3e"
  name = "github.com/nicksnyder/go-i18n"
  packages = [
    "i18n",
    "i18n/bundle",
    "i18n/language",
    "i18n/translation",
  ]
  pruneopts = "UT"
  revision = "3c6ee9071cf061f4b0101e14412f74d6e7a8ada6"
  version = "v2.0.0"

[[projects]]
  digest = "1:ba7c8395a3bdd3b44d40ba36ff6eb283b583a3db865c02a952b89a1aa639081b"
  name = "github.com/pelletier/go-toml"
  packages = ["."]
  pruneopts = "UT"
  revision = "65ca8064882c8c308e5c804c5d5443d409e0738c"
  version = "v1.8.1"

[[projects]]
  digest = "1:9e1d37b58d17113ec3cb5608ac0382313c5b59470b94ed97d0976e69c7022314"
  name = "github.com/pkg/errors"
  packages = ["."]
  pruneopts = "UT"
  revision = "614d223910a179a466c1767a985424175c39b465"
  version = "v0.9.1"

[[projects]]
  digest = "1:5ca236e4ecfeb92a57b7a4c7f139023384e7f726640f61b17820473cc82dfb77"
  name = "github.com/streadway/amqp"
  packages = ["."]
  pruneopts = "UT"
  revision = "1c71cc93ed716f9a6f4c2ae8955c25f9176d9f19"
  version = "v1.0.0"

[[projects]]
  digest = "1:096dd8401f63de32269dd3c920d74d2ac04687e0eaf45eb95e0d613cefd6b5c9"
  name = "github.com/thewizardplusplus/go-code-runner"
  packages = [
    ".",
    "test-runner",
  ]
  pruneopts = "UT"
  revision = "c6c3dde610ed43f0c173f26bc7b6cabbdb372590"
  version = "v1.2"

[[projects]]
  branch = "v3-unstable"
  digest = "1:31a6e00d07add280bd1ee2e8668077e2435c6b9cb7ad7ba8920e258382ae9f9e"
  name = "gopkg.in/alecthomas/kingpin.v3-unstable"
  packages = ["."]
  pruneopts = "UT"
  revision = "95d230a537809b4429ba078718ae0202bea213e0"

[[projects]]
  digest = "1:5054a1f394226de9e6ddc47b0ba77e35092a4112f4a1cd9cb94aba1f5bdc3ec6"
  name = "gopkg.in/yaml.v2"
  packages = ["."]
  pruneopts = "UT"
  revision = "7649d4548cb53a614db133b2a8ac1f31859dda8c"
  version = "v2.4.0"

[solve-meta]
  analyzer-name = "dep"
  analyzer-version = 1
  input-imports = [
    "github.com/alecthomas/gometalinter",
    "github.com/caarlos0/env",
    "github.com/go-log/log",
    "github.com/go-log/log/print",
    "github.com/pkg/errors",
    "github.com/streadway/amqp",
    "github.com/thewizardplusplus/go-code-runner/test-runner",
  ]
  solver-name = "gps-cdcl"
  solver-version = 1
